filippo.io/edwards25519 v1.0.0 h1:0wAIcmJUqRdI8IJ/3eGi5/HwXZWPujYXXlkrQogz0Ek=
filippo.io/edwards25519 v1.0.0/go.mod h1:N1IkdkCkiLB6tki+MYJoSx2JTY9NUlxZE7eHn5EwJns=
github.com/coreos/go-systemd/v22 v22.3.3-0.20220203105225-a9a7ef127534/go.mod h1:Y58oyj3AT4RCenI/lSvhwexgC+NSVTIJ3seZv2GcEnc=
github.com/davecgh/go-spew v1.1.0/go.mod h1:J7Y8YcW2NihsgmVo/mv3lAwl/skON4iLHjSsI+c5H38=
github.com/davecgh/go-spew v1.1.1 h1:vj9j/u1bqnvCEfJOwUhtlOARqs3+rkHYY13jYWTU97c=
github.com/fatih/color v1.14.1 h1:qfhVLaG5s+nCROl1zJsZRxFeYrHLqWroPOQ8BWiNb4w=
github.com/fatih/color v1.14.1/go.mod h1:2oHN61fhTpgcxD3TSWCgKDiH1+x4OiDVVGH8WlgGZGg=
github.com/go-jose/go-jose/v3 v3.0.0 h1:s6rrhirfEP/CGIoc6p+PZAeogN2SxKav6Wp7+dyMWVo=
github.com/go-jose/go-jose/v3 v3.0.0/go.mod h1:RNkWWRld676jZEYoV3+XK8L2ZnNSvIsxFMht0mSX+u8=
github.com/godbus/dbus/v5 v5.0.4/go.mod h1:xhWf0FNVPg57R7Z0UbKHbJfkEywrmjJnf7w5xrFpKfA=
github.com/golang-jwt/jwt/v4 v4.5.0 h1:7cYmW1XlMY7h7ii7UhUyChSgS5wUJEnm9uZVTGqOWzg=
github.com/golang-jwt/jwt/v4 v4.5.0/go.mod h1:m21LjoU+eqJr34lmDMbreY2eSTRJ1cv77w39/MY0Ch0=
github.com/google/go-cmp v0.5.0/go.mod h1:v8dTdLbMG2kIc/vJvl+f65V22dbkXbowE6jgT/gNBxE=
github.com/google/go-cmp v0.5.9 h1:O2Tfq5qg4qc4AmwVlvv0oLiVAGB7enBSJ2x2DqQFi38=
github.com/mattn/go-colorable v0.1.12/go.mod h1:u5H1YNBxpqRaxsYJYSkiCWKzEfiAb1Gb520KVy5xxl4=
github.com/mattn/go-colorable v0.1.13 h1:fFA4WZxdEF4tXPZVKMLwD8oUnCTTo08duU7wxecdEvA=
github.com/mattn/go-colorable v0.1.13/go.mod h1:7S9/ev0klgBDR4GtXTXX8a3vIGJpMovkB8vQcUbaXHg=
github.com/mattn/go-isatty v0.0.14/go.mod h1:7GGIvUiUoEMVVmxf/4nioHXj79iQHKdU27kJ6hsGG94=
github.com/mattn/go-isatty v0.0.16/go.mod h1:kYGgaQfpe5nmfYZH+SKPsOc2e4SrIfOl2e/yFXSvRLM=
github.com/mattn/go-isatty v0.0.17 h1:BTarxUcIeDqL27Mc+vyvdWYSL28zpIhv3RoTdsLMPng=
github.com/mattn/go-isatty v0.0.17/go.mod h1:kYGgaQfpe5nmfYZH+SKPsOc2e4SrIfOl2e/yFXSvRLM=
github.com/pkg/errors v0.9.1 h1:FEBLx1zS214owpjy7qsBeixbURkuhQAwrK5UwLGTwt4=
github.com/pkg/errors v0.9.1/go.mod h1:bwawxfHBFNV+L2hUp1rHADufV3IMtnDRdf1r5NINEl0=
github.com/pmezard/go-difflib v1.0.0 h1:4DBwDE0NGyQoBHbLQYPwSUPoCMWR5BEzIk/f1lZbAQM=
github.com/pmezard/go-difflib v1.0.0/go.mod h1:iKH77koFhYxTK1pcRnkKkqfTogsbg7gZNVY4sRDYZ/4=
github.com/rs/xid v1.4.0/go.mod h1:trrq9SKmegXys3aeAKXMUTdJsYXVwGY3RLcfgqegfbg=
github.com/rs/zerolog v1.29.0 h1:Zes4hju04hjbvkVkOhdl2HpZa+0PmVwigmo8XoORE5w=
github.com/rs/zerolog v1.29.0/go.mod h1:NILgTygv/Uej1ra5XxGf82ZFSLk58MFGAUS2o6usyD0=
github.com/smallstep/assert v0.0.0-20200723003110-82e2b9b3b262 h1:unQFBIznI+VYD1/1fApl1A+9VcBk+9dcqGfnePY87LY=
github.com/stretchr/objx v0.1.0/go.mod h1:HFkY916IF+rwdDfMAkV7OtwuqBVzrE8GR6GFx+wExME=
github.com/stretchr/testify v1.6.1/go.mod h1:6Fq8oRcR53rry900zMqJjRRixrwX3KX962/h/Wwjteg=
github.com/stretchr/testify v1.8.2 h1:+h33VjcLVPDHtOdpUCuF+7gSuG3yGIftsP1YvFihtJ8=
go.step.sm/crypto v0.25.2 h1:NgoI3bcNF0iLI+Rwq00brlJyFfMqseLOa8L8No3Daog=
go.step.sm/crypto v0.25.2/go.mod h1:4pUEuZ+4OAf2f70RgW5oRv/rJudibcAAWQg5prC3DT8=
golang.org/x/crypto v0.0.0-20190308221718-c2843e01d9a2/go.mod h1:djNgcEr1/C05ACkg1iLfiJU5Ep61QUkGW8qpdssI0+w=
golang.org/x/crypto v0.0.0-20190911031432-227b76d455e7/go.mod h1:yigFU9vqHzYiE8UmvKecakEJjdnWj3jj499lnFckfCI=
golang.org/x/crypto v0.6.0 h1:qfktjS5LUO+fFKeJXZ+ikTRijMmljikvG68fpMMruSc=
golang.org/x/crypto v0.6.0/go.mod h1:OFC/31mSvZgRz0V1QTNCzfAI1aIRzbiufJtkMIlEp58=
golang.org/x/net v0.0.0-20190404232315-eb5bcb51f2a3/go.mod h1:t9HGtf8HONx5eT2rtn7q6eTqICYqUVnKs3thJo3Qplg=
golang.org/x/sys v0.0.0-20190215142949-d0b11bdaac8a/go.mod h1:STP8DvDyc/dI5b8T5hshtkjS+E42TnysNCUPdjciGhY=
golang.org/x/sys v0.0.0-20190412213103-97732733099d/go.mod h1:h1NjWce9XRLGQEsW7wpKNCjG9DtNlClVuFLEZdDNbEs=
golang.org/x/sys v0.0.0-20210630005230-0f9fa26af87c/go.mod h1:oPkhp1MJrh7nUepCBck5+mAzfO9JrbApNNgaTdGDITg=
golang.org/x/sys v0.0.0-20210927094055-39ccf1dd6fa6/go.mod h1:oPkhp1MJrh7nUepCBck5+mAzfO9JrbApNNgaTdGDITg=
golang.org/x/sys v0.0.0-20220811171246-fbc7d0a398ab/go.mod h1:oPkhp1MJrh7nUepCBck5+mAzfO9JrbApNNgaTdGDITg=
golang.org/x/sys v0.5.0 h1:MUK/U/4lj1t1oPg0HfuXDN/Z1wv31ZJ/YcPiGccS4DU=
golang.org/x/sys v0.5.0/go.mod h1:oPkhp1MJrh7nUepCBck5+mAzfO9JrbApNNgaTdGDITg=
golang.org/x/term v0.5.0 h1:n2a8QNdAb0sZNpU9R1ALUXBbY+w51fCQDN+7EdxNBsY=
golang.org/x/term v0.5.0/go.mod h1:jMB1sMXY+tzblOD4FWmEbocvup2/aLOaQEp7JmGp78k=
golang.org/x/text v0.3.0/go.mod h1:NqM8EUOU14njkJ3fqMW+pc6Ldnwhi/IjpwHt7yyuwOQ=
golang.org/x/xerrors v0.0.0-20191204190536-9bdfabe68543/go.mod h1:I/5z698sn9Ka8TeJc9MKroUUfqBBauWjQqLJ2OPfmY0=
gopkg.in/check.v1 v0.0.0-20161208181325-20d25e280405/go.mod h1:Co6ibVJAznAaIkqp8huTwlJQCZ016jof/cbN4VW5Yz0=
gopkg.in/yaml.v3 v3.0.0-20200313102051-9f266ea9e77c/go.mod h1:K4uyk7z7BCEPqu6E+C64Yfv1cQ7kz7rIZviUmN+EgEM=
gopkg.in/yaml.v3 v3.0.1 h1:fxVm/GzAzEWqLHuvctI91KS9hhNmmWOoWu0XTYJS7CA=
